
Microsoft Visual Studio Solution File, Format Version 12.00
# Visual Studio Version 16
VisualStudioVersion = 16.0.30204.135
MinimumVisualStudioVersion = 10.0.40219.1
Project("{FAE04EC0-301F-11D3-BF4B-00C04F79EFBC}") = "c-oop-practice-deck-card-classes-shailza85", "c-oop-practice-deck-card-classes-shailza85\c-oop-practice-deck-card-classes-shailza85.csproj", "{39ED818E-D4CD-43E3-B503-AE96ACB5FF77}"
EndProject
Global
	GlobalSection(SolutionConfigurationPlatforms) = preSolution
		Debug|Any CPU = Debug|Any CPU
		Release|Any CPU = Release|Any CPU
	EndGlobalSection
	GlobalSection(ProjectConfigurationPlatforms) = postSolution
		{39ED818E-D4CD-43E3-B503-AE96ACB5FF77}.Debug|Any CPU.ActiveCfg = Debug|Any CPU
		{39ED818E-D4CD-43E3-B503-AE96ACB5FF77}.Debug|Any CPU.Build.0 = Debug|Any CPU
		{39ED818E-D4CD-43E3-B503-AE96ACB5FF77}.Release|Any CPU.ActiveCfg = Release|Any CPU
		{39ED818E-D4CD-43E3-B503-AE96ACB5FF77}.Release|Any CPU.Build.0 = Release|Any CPU
	EndGlobalSection
	GlobalSection(SolutionProperties) = preSolution
		HideSolutionNode = FALSE
	EndGlobalSection
	GlobalSection(ExtensibilityGlobals) = postSolution
		SolutionGuid = {B613F1D7-A13B-43EB-AA34-9ECBABCCC254}
	EndGlobalSection
EndGlobal
